
Microsoft Visual Studio Solution File, Format Version 11.00
# Visual Studio 2010
Project("{FAE04EC0-301F-11D3-BF4B-00C04F79EFBC}") = "MCL_Adminer", "MCL_Adminer\MCL_Adminer.csproj", "{07C1A3D4-EC2D-4A8F-9A73-F30D64C6DE21}"
EndProject
Global
	GlobalSection(SolutionConfigurationPlatforms) = preSolution
		Debug|Any CPU = Debug|Any CPU
		Release|Any CPU = Release|Any CPU
	EndGlobalSection
	GlobalSection(ProjectConfigurationPlatforms) = postSolution
		{07C1A3D4-EC2D-4A8F-9A73-F30D64C6DE21}.Debug|Any CPU.ActiveCfg = Debug|Any CPU
		{07C1A3D4-EC2D-4A8F-9A73-F30D64C6DE21}.Debug|Any CPU.Build.0 = Debug|Any CPU
		{07C1A3D4-EC2D-4A8F-9A73-F30D64C6DE21}.Release|Any CPU.ActiveCfg = Release|Any CPU
		{07C1A3D4-EC2D-4A8F-9A73-F30D64C6DE21}.Release|Any CPU.Build.0 = Release|Any CPU
	EndGlobalSection
	GlobalSection(SolutionProperties) = preSolution
		HideSolutionNode = FALSE
	EndGlobalSection
EndGlobal
